// !$*UTF8*$!
{
	archiveVersion = 1;
	classes = {
	};
	objectVersion = 60;
	objects = {

/* Begin PBXBuildFile section */
		ACR000000000000000000101 /* ActionCamRemoteApp.swift in Sources */ = {isa = PBXBuildFile; fileRef = ACR000000000000000000001 /* ActionCamRemoteApp.swift */; };
		ACR000000000000000000102 /* CameraModels.swift in Sources */ = {isa = PBXBuildFile; fileRef = ACR000000000000000000002 /* CameraModels.swift */; };
		ACR000000000000000000103 /* BLECameraDeviceClient.swift in Sources */ = {isa = PBXBuildFile; fileRef = ACR000000000000000000003 /* BLECameraDeviceClient.swift */; };
		ACR000000000000000000104 /* BLECameraScanner.swift in Sources */ = {isa = PBXBuildFile; fileRef = ACR000000000000000000004 /* BLECameraScanner.swift */; };
		ACR000000000000000000105 /* GoProBLEClient.swift in Sources */ = {isa = PBXBuildFile; fileRef = ACR000000000000000000005 /* GoProBLEClient.swift */; };
		ACR000000000000000000106 /* DJIExperimentalBLEClient.swift in Sources */ = {isa = PBXBuildFile; fileRef = ACR000000000000000000006 /* DJIExperimentalBLEClient.swift */; };
		ACR000000000000000000107 /* CameraStore.swift in Sources */ = {isa = PBXBuildFile; fileRef = ACR000000000000000000007 /* CameraStore.swift */; };
		ACR000000000000000000108 /* DesignSystem.swift in Sources */ = {isa = PBXBuildFile; fileRef = ACR000000000000000000008 /* DesignSystem.swift */; };
		ACR000000000000000000109 /* CameraDashboardView.swift in Sources */ = {isa = PBXBuildFile; fileRef = ACR000000000000000000009 /* CameraDashboardView.swift */; };
		ACR000000000000000000110 /* CameraRowView.swift in Sources */ = {isa = PBXBuildFile; fileRef = ACR000000000000000000010 /* CameraRowView.swift */; };
		ACR000000000000000000111 /* PreviewData.swift in Sources */ = {isa = PBXBuildFile; fileRef = ACR000000000000000000011 /* PreviewData.swift */; };
		ACR000000000000000000112 /* Assets.xcassets in Resources */ = {isa = PBXBuildFile; fileRef = ACR000000000000000000014 /* Assets.xcassets */; };
		ACR000000000000000000113 /* WatchConnectivityController.swift in Sources */ = {isa = PBXBuildFile; fileRef = ACR000000000000000000015 /* WatchConnectivityController.swift */; };
		ACR000000000000000000114 /* MulticamWatchApp.swift in Sources */ = {isa = PBXBuildFile; fileRef = ACR000000000000000000016 /* MulticamWatchApp.swift */; };
		ACR000000000000000000115 /* WatchSessionModel.swift in Sources */ = {isa = PBXBuildFile; fileRef = ACR000000000000000000017 /* WatchSessionModel.swift */; };
		ACR000000000000000000116 /* WatchRemoteView.swift in Sources */ = {isa = PBXBuildFile; fileRef = ACR000000000000000000018 /* WatchRemoteView.swift */; };
		ACR000000000000000000117 /* Multicam Watch App.app in Embed Watch Content */ = {isa = PBXBuildFile; fileRef = ACR000000000000000000019 /* Multicam Watch App.app */; settings = {ATTRIBUTES = (RemoveHeadersOnCopy, ); }; };
		ACR000000000000000000118 /* Assets.xcassets in Resources */ = {isa = PBXBuildFile; fileRef = ACR000000000000000000014 /* Assets.xcassets */; };
		ACR000000000000000000119 /* PhoneGPSProvider.swift in Sources */ = {isa = PBXBuildFile; fileRef = ACR000000000000000000020 /* PhoneGPSProvider.swift */; };
		ACR000000000000000000120 /* RecordingActivityAttributes.swift in Sources */ = {isa = PBXBuildFile; fileRef = ACR000000000000000000021 /* RecordingActivityAttributes.swift */; };
		ACR000000000000000000121 /* StopRecordingIntent.swift in Sources */ = {isa = PBXBuildFile; fileRef = ACR000000000000000000022 /* StopRecordingIntent.swift */; };
		ACR000000000000000000122 /* RecordingLiveActivityController.swift in Sources */ = {isa = PBXBuildFile; fileRef = ACR000000000000000000023 /* RecordingLiveActivityController.swift */; };
		ACR000000000000000000123 /* MulticamLiveActivityBundle.swift in Sources */ = {isa = PBXBuildFile; fileRef = ACR000000000000000000024 /* MulticamLiveActivityBundle.swift */; };
		ACR000000000000000000124 /* RecordingLiveActivityWidget.swift in Sources */ = {isa = PBXBuildFile; fileRef = ACR000000000000000000025 /* RecordingLiveActivityWidget.swift */; };
		ACR000000000000000000125 /* RecordingActivityAttributes.swift in Sources */ = {isa = PBXBuildFile; fileRef = ACR000000000000000000021 /* RecordingActivityAttributes.swift */; };
		ACR000000000000000000126 /* StopRecordingIntent.swift in Sources */ = {isa = PBXBuildFile; fileRef = ACR000000000000000000022 /* StopRecordingIntent.swift */; };
		ACR000000000000000000127 /* MulticamLiveActivityExtension.appex in Embed Foundation Extensions */ = {isa = PBXBuildFile; fileRef = ACR000000000000000000027 /* MulticamLiveActivityExtension.appex */; settings = {ATTRIBUTES = (RemoveHeadersOnCopy, ); }; };
		ACR000000000000000000128 /* MulticamAppIntents.swift in Sources */ = {isa = PBXBuildFile; fileRef = ACR000000000000000000028 /* MulticamAppIntents.swift */; };
		ACR000000000000000000129 /* DJINanoProtocol.swift in Sources */ = {isa = PBXBuildFile; fileRef = ACR000000000000000000029 /* DJINanoProtocol.swift */; };
/* End PBXBuildFile section */

/* Begin PBXContainerItemProxy section */
		ACR000000000000000000610 /* PBXContainerItemProxy */ = {
			isa = PBXContainerItemProxy;
			containerPortal = ACR000000000000000000600 /* Project object */;
			proxyType = 1;
			remoteGlobalIDString = ACR000000000000000000410;
			remoteInfo = "Multicam Watch App";
		};
		ACR000000000000000000612 /* PBXContainerItemProxy */ = {
			isa = PBXContainerItemProxy;
			containerPortal = ACR000000000000000000600 /* Project object */;
			proxyType = 1;
			remoteGlobalIDString = ACR000000000000000000420;
			remoteInfo = MulticamLiveActivityExtension;
		};
/* End PBXContainerItemProxy section */

/* Begin PBXCopyFilesBuildPhase section */
		ACR000000000000000000502 /* Embed Watch Content */ = {
			isa = PBXCopyFilesBuildPhase;
			buildActionMask = 2147483647;
			dstPath = "$(CONTENTS_FOLDER_PATH)/Watch";
			dstSubfolderSpec = 16;
			files = (
				ACR000000000000000000117 /* Multicam Watch App.app in Embed Watch Content */,
			);
			name = "Embed Watch Content";
			runOnlyForDeploymentPostprocessing = 0;
		};
		ACR000000000000000000503 /* Embed Foundation Extensions */ = {
			isa = PBXCopyFilesBuildPhase;
			buildActionMask = 2147483647;
			dstPath = "";
			dstSubfolderSpec = 13;
			files = (
				ACR000000000000000000127 /* MulticamLiveActivityExtension.appex in Embed Foundation Extensions */,
			);
			name = "Embed Foundation Extensions";
			runOnlyForDeploymentPostprocessing = 0;
		};
/* End PBXCopyFilesBuildPhase section */

/* Begin PBXFileReference section */
		ACR000000000000000000001 /* ActionCamRemoteApp.swift */ = {isa = PBXFileReference; lastKnownFileType = sourcecode.swift; path = ActionCamRemoteApp.swift; sourceTree = "<group>"; };
		ACR000000000000000000002 /* CameraModels.swift */ = {isa = PBXFileReference; lastKnownFileType = sourcecode.swift; path = CameraModels.swift; sourceTree = "<group>"; };
		ACR000000000000000000003 /* BLECameraDeviceClient.swift */ = {isa = PBXFileReference; lastKnownFileType = sourcecode.swift; path = BLECameraDeviceClient.swift; sourceTree = "<group>"; };
		ACR000000000000000000004 /* BLECameraScanner.swift */ = {isa = PBXFileReference; lastKnownFileType = sourcecode.swift; path = BLECameraScanner.swift; sourceTree = "<group>"; };
		ACR000000000000000000005 /* GoProBLEClient.swift */ = {isa = PBXFileReference; lastKnownFileType = sourcecode.swift; path = GoProBLEClient.swift; sourceTree = "<group>"; };
		ACR000000000000000000006 /* DJIExperimentalBLEClient.swift */ = {isa = PBXFileReference; lastKnownFileType = sourcecode.swift; path = DJIExperimentalBLEClient.swift; sourceTree = "<group>"; };
		ACR000000000000000000007 /* CameraStore.swift */ = {isa = PBXFileReference; lastKnownFileType = sourcecode.swift; path = CameraStore.swift; sourceTree = "<group>"; };
		ACR000000000000000000008 /* DesignSystem.swift */ = {isa = PBXFileReference; lastKnownFileType = sourcecode.swift; path = DesignSystem.swift; sourceTree = "<group>"; };
		ACR000000000000000000009 /* CameraDashboardView.swift */ = {isa = PBXFileReference; lastKnownFileType = sourcecode.swift; path = CameraDashboardView.swift; sourceTree = "<group>"; };
		ACR000000000000000000010 /* CameraRowView.swift */ = {isa = PBXFileReference; lastKnownFileType = sourcecode.swift; path = CameraRowView.swift; sourceTree = "<group>"; };
		ACR000000000000000000011 /* PreviewData.swift */ = {isa = PBXFileReference; lastKnownFileType = sourcecode.swift; path = PreviewData.swift; sourceTree = "<group>"; };
		ACR000000000000000000012 /* Info.plist */ = {isa = PBXFileReference; lastKnownFileType = text.plist.xml; path = Info.plist; sourceTree = "<group>"; };
		ACR000000000000000000013 /* Multicam.app */ = {isa = PBXFileReference; explicitFileType = wrapper.application; includeInIndex = 0; path = Multicam.app; sourceTree = BUILT_PRODUCTS_DIR; };
		ACR000000000000000000014 /* Assets.xcassets */ = {isa = PBXFileReference; lastKnownFileType = folder.assetcatalog; path = Assets.xcassets; sourceTree = "<group>"; };
		ACR000000000000000000015 /* WatchConnectivityController.swift */ = {isa = PBXFileReference; lastKnownFileType = sourcecode.swift; path = WatchConnectivityController.swift; sourceTree = "<group>"; };
		ACR000000000000000000016 /* MulticamWatchApp.swift */ = {isa = PBXFileReference; lastKnownFileType = sourcecode.swift; path = MulticamWatchApp.swift; sourceTree = "<group>"; };
		ACR000000000000000000017 /* WatchSessionModel.swift */ = {isa = PBXFileReference; lastKnownFileType = sourcecode.swift; path = WatchSessionModel.swift; sourceTree = "<group>"; };
		ACR000000000000000000018 /* WatchRemoteView.swift */ = {isa = PBXFileReference; lastKnownFileType = sourcecode.swift; path = WatchRemoteView.swift; sourceTree = "<group>"; };
		ACR000000000000000000019 /* Multicam Watch App.app */ = {isa = PBXFileReference; explicitFileType = wrapper.application; includeInIndex = 0; path = "Multicam Watch App.app"; sourceTree = BUILT_PRODUCTS_DIR; };
		ACR000000000000000000020 /* PhoneGPSProvider.swift */ = {isa = PBXFileReference; lastKnownFileType = sourcecode.swift; path = PhoneGPSProvider.swift; sourceTree = "<group>"; };
		ACR000000000000000000021 /* RecordingActivityAttributes.swift */ = {isa = PBXFileReference; lastKnownFileType = sourcecode.swift; path = RecordingActivityAttributes.swift; sourceTree = "<group>"; };
		ACR000000000000000000022 /* StopRecordingIntent.swift */ = {isa = PBXFileReference; lastKnownFileType = sourcecode.swift; path = StopRecordingIntent.swift; sourceTree = "<group>"; };
		ACR000000000000000000023 /* RecordingLiveActivityController.swift */ = {isa = PBXFileReference; lastKnownFileType = sourcecode.swift; path = RecordingLiveActivityController.swift; sourceTree = "<group>"; };
		ACR000000000000000000024 /* MulticamLiveActivityBundle.swift */ = {isa = PBXFileReference; lastKnownFileType = sourcecode.swift; path = MulticamLiveActivityBundle.swift; sourceTree = "<group>"; };
		ACR000000000000000000025 /* RecordingLiveActivityWidget.swift */ = {isa = PBXFileReference; lastKnownFileType = sourcecode.swift; path = RecordingLiveActivityWidget.swift; sourceTree = "<group>"; };
		ACR000000000000000000026 /* Info.plist */ = {isa = PBXFileReference; lastKnownFileType = text.plist.xml; path = Info.plist; sourceTree = "<group>"; };
		ACR000000000000000000027 /* MulticamLiveActivityExtension.appex */ = {isa = PBXFileReference; explicitFileType = "wrapper.app-extension"; includeInIndex = 0; path = MulticamLiveActivityExtension.appex; sourceTree = BUILT_PRODUCTS_DIR; };
		ACR000000000000000000028 /* MulticamAppIntents.swift */ = {isa = PBXFileReference; lastKnownFileType = sourcecode.swift; path = MulticamAppIntents.swift; sourceTree = "<group>"; };
		ACR000000000000000000029 /* DJINanoProtocol.swift */ = {isa = PBXFileReference; lastKnownFileType = sourcecode.swift; path = DJINanoProtocol.swift; sourceTree = "<group>"; };
/* End PBXFileReference section */

/* Begin PBXFrameworksBuildPhase section */
		ACR000000000000000000200 /* Frameworks */ = {
			isa = PBXFrameworksBuildPhase;
			buildActionMask = 2147483647;
			files = (
			);
			runOnlyForDeploymentPostprocessing = 0;
		};
		ACR000000000000000000210 /* Frameworks */ = {
			isa = PBXFrameworksBuildPhase;
			buildActionMask = 2147483647;
			files = (
			);
			runOnlyForDeploymentPostprocessing = 0;
		};
		ACR000000000000000000211 /* Frameworks */ = {
			isa = PBXFrameworksBuildPhase;
			buildActionMask = 2147483647;
			files = (
			);
			runOnlyForDeploymentPostprocessing = 0;
		};
/* End PBXFrameworksBuildPhase section */

/* Begin PBXGroup section */
		ACR000000000000000000300 = {
			isa = PBXGroup;
			children = (
				ACR000000000000000000301 /* ActionCamRemote */,
				ACR000000000000000000307 /* MulticamWatchApp */,
				ACR000000000000000000309 /* MulticamLiveActivity */,
				ACR000000000000000000302 /* Products */,
			);
			sourceTree = "<group>";
		};
		ACR000000000000000000301 /* ActionCamRemote */ = {
			isa = PBXGroup;
			children = (
				ACR000000000000000000001 /* ActionCamRemoteApp.swift */,
				ACR000000000000000000028 /* MulticamAppIntents.swift */,
				ACR000000000000000000012 /* Info.plist */,
				ACR000000000000000000014 /* Assets.xcassets */,
				ACR000000000000000000303 /* Models */,
				ACR000000000000000000304 /* Bluetooth */,
				ACR000000000000000000305 /* Services */,
				ACR000000000000000000306 /* UI */,
				ACR000000000000000000308 /* LiveActivity */,
			);
			path = ActionCamRemote;
			sourceTree = "<group>";
		};
		ACR000000000000000000302 /* Products */ = {
			isa = PBXGroup;
			children = (
				ACR000000000000000000013 /* Multicam.app */,
				ACR000000000000000000019 /* Multicam Watch App.app */,
				ACR000000000000000000027 /* MulticamLiveActivityExtension.appex */,
			);
			name = Products;
			sourceTree = "<group>";
		};
		ACR000000000000000000303 /* Models */ = {
			isa = PBXGroup;
			children = (
				ACR000000000000000000002 /* CameraModels.swift */,
			);
			path = Models;
			sourceTree = "<group>";
		};
		ACR000000000000000000304 /* Bluetooth */ = {
			isa = PBXGroup;
			children = (
				ACR000000000000000000003 /* BLECameraDeviceClient.swift */,
				ACR000000000000000000004 /* BLECameraScanner.swift */,
				ACR000000000000000000005 /* GoProBLEClient.swift */,
				ACR000000000000000000006 /* DJIExperimentalBLEClient.swift */,
				ACR000000000000000000029 /* DJINanoProtocol.swift */,
			);
			path = Bluetooth;
			sourceTree = "<group>";
		};
		ACR000000000000000000305 /* Services */ = {
			isa = PBXGroup;
			children = (
				ACR000000000000000000007 /* CameraStore.swift */,
				ACR000000000000000000011 /* PreviewData.swift */,
				ACR000000000000000000015 /* WatchConnectivityController.swift */,
				ACR000000000000000000020 /* PhoneGPSProvider.swift */,
			);
			path = Services;
			sourceTree = "<group>";
		};
		ACR000000000000000000306 /* UI */ = {
			isa = PBXGroup;
			children = (
				ACR000000000000000000008 /* DesignSystem.swift */,
				ACR000000000000000000009 /* CameraDashboardView.swift */,
				ACR000000000000000000010 /* CameraRowView.swift */,
			);
			path = UI;
			sourceTree = "<group>";
		};
		ACR000000000000000000307 /* MulticamWatchApp */ = {
			isa = PBXGroup;
			children = (
				ACR000000000000000000016 /* MulticamWatchApp.swift */,
				ACR000000000000000000017 /* WatchSessionModel.swift */,
				ACR000000000000000000018 /* WatchRemoteView.swift */,
			);
			path = MulticamWatchApp;
			sourceTree = "<group>";
		};
		ACR000000000000000000308 /* LiveActivity */ = {
			isa = PBXGroup;
			children = (
				ACR000000000000000000021 /* RecordingActivityAttributes.swift */,
				ACR000000000000000000022 /* StopRecordingIntent.swift */,
				ACR000000000000000000023 /* RecordingLiveActivityController.swift */,
			);
			path = LiveActivity;
			sourceTree = "<group>";
		};
		ACR000000000000000000309 /* MulticamLiveActivity */ = {
			isa = PBXGroup;
			children = (
				ACR000000000000000000024 /* MulticamLiveActivityBundle.swift */,
				ACR000000000000000000025 /* RecordingLiveActivityWidget.swift */,
				ACR000000000000000000026 /* Info.plist */,
			);
			path = MulticamLiveActivity;
			sourceTree = "<group>";
		};
/* End PBXGroup section */

/* Begin PBXNativeTarget section */
		ACR000000000000000000400 /* ActionCamRemote */ = {
			isa = PBXNativeTarget;
			buildConfigurationList = ACR000000000000000000401 /* Build configuration list for PBXNativeTarget "ActionCamRemote" */;
			buildPhases = (
				ACR000000000000000000500 /* Sources */,
				ACR000000000000000000200 /* Frameworks */,
				ACR000000000000000000501 /* Resources */,
				ACR000000000000000000502 /* Embed Watch Content */,
				ACR000000000000000000503 /* Embed Foundation Extensions */,
			);
			buildRules = (
			);
			dependencies = (
				ACR000000000000000000611 /* PBXTargetDependency */,
				ACR000000000000000000613 /* PBXTargetDependency */,
			);
			name = ActionCamRemote;
			productName = ActionCamRemote;
			productReference = ACR000000000000000000013 /* Multicam.app */;
			productType = "com.apple.product-type.application";
		};
		ACR000000000000000000410 /* Multicam Watch App */ = {
			isa = PBXNativeTarget;
			buildConfigurationList = ACR000000000000000000411 /* Build configuration list for PBXNativeTarget "Multicam Watch App" */;
			buildPhases = (
				ACR000000000000000000510 /* Sources */,
				ACR000000000000000000210 /* Frameworks */,
				ACR000000000000000000511 /* Resources */,
			);
			buildRules = (
			);
			dependencies = (
			);
			name = "Multicam Watch App";
			productName = MulticamWatchApp;
			productReference = ACR000000000000000000019 /* Multicam Watch App.app */;
			productType = "com.apple.product-type.application";
		};
		ACR000000000000000000420 /* MulticamLiveActivityExtension */ = {
			isa = PBXNativeTarget;
			buildConfigurationList = ACR000000000000000000421 /* Build configuration list for PBXNativeTarget "MulticamLiveActivityExtension" */;
			buildPhases = (
				ACR000000000000000000512 /* Sources */,
				ACR000000000000000000211 /* Frameworks */,
				ACR000000000000000000513 /* Resources */,
			);
			buildRules = (
			);
			dependencies = (
			);
			name = MulticamLiveActivityExtension;
			productName = MulticamLiveActivityExtension;
			productReference = ACR000000000000000000027 /* MulticamLiveActivityExtension.appex */;
			productType = "com.apple.product-type.app-extension";
		};
/* End PBXNativeTarget section */

/* Begin PBXProject section */
		ACR000000000000000000600 /* Project object */ = {
			isa = PBXProject;
			attributes = {
				BuildIndependentTargetsInParallel = 1;
				LastSwiftUpdateCheck = 2650;
				LastUpgradeCheck = 2650;
				TargetAttributes = {
					ACR000000000000000000400 = {
						CreatedOnToolsVersion = 26.5;
					};
					ACR000000000000000000410 = {
						CreatedOnToolsVersion = 26.6;
					};
					ACR000000000000000000420 = {
						CreatedOnToolsVersion = 26.6;
					};
				};
			};
			buildConfigurationList = ACR000000000000000000601 /* Build configuration list for PBXProject "ActionCamRemote" */;
			compatibilityVersion = "Xcode 15.0";
			developmentRegion = en;
			hasScannedForEncodings = 0;
			knownRegions = (
				en,
				Base,
			);
			mainGroup = ACR000000000000000000300;
			productRefGroup = ACR000000000000000000302 /* Products */;
			projectDirPath = "";
			projectRoot = "";
			targets = (
				ACR000000000000000000400 /* ActionCamRemote */,
				ACR000000000000000000410 /* Multicam Watch App */,
				ACR000000000000000000420 /* MulticamLiveActivityExtension */,
			);
		};
/* End PBXProject section */

/* Begin PBXResourcesBuildPhase section */
		ACR000000000000000000501 /* Resources */ = {
			isa = PBXResourcesBuildPhase;
			buildActionMask = 2147483647;
			files = (
				ACR000000000000000000112 /* Assets.xcassets in Resources */,
			);
			runOnlyForDeploymentPostprocessing = 0;
		};
		ACR000000000000000000511 /* Resources */ = {
			isa = PBXResourcesBuildPhase;
			buildActionMask = 2147483647;
			files = (
				ACR000000000000000000118 /* Assets.xcassets in Resources */,
			);
			runOnlyForDeploymentPostprocessing = 0;
		};
		ACR000000000000000000513 /* Resources */ = {
			isa = PBXResourcesBuildPhase;
			buildActionMask = 2147483647;
			files = (
			);
			runOnlyForDeploymentPostprocessing = 0;
		};
/* End PBXResourcesBuildPhase section */

/* Begin PBXSourcesBuildPhase section */
		ACR000000000000000000500 /* Sources */ = {
			isa = PBXSourcesBuildPhase;
			buildActionMask = 2147483647;
			files = (
				ACR000000000000000000101 /* ActionCamRemoteApp.swift in Sources */,
				ACR000000000000000000102 /* CameraModels.swift in Sources */,
				ACR000000000000000000103 /* BLECameraDeviceClient.swift in Sources */,
				ACR000000000000000000104 /* BLECameraScanner.swift in Sources */,
				ACR000000000000000000105 /* GoProBLEClient.swift in Sources */,
				ACR000000000000000000106 /* DJIExperimentalBLEClient.swift in Sources */,
				ACR000000000000000000129 /* DJINanoProtocol.swift in Sources */,
				ACR000000000000000000107 /* CameraStore.swift in Sources */,
				ACR000000000000000000108 /* DesignSystem.swift in Sources */,
				ACR000000000000000000109 /* CameraDashboardView.swift in Sources */,
				ACR000000000000000000110 /* CameraRowView.swift in Sources */,
				ACR000000000000000000111 /* PreviewData.swift in Sources */,
				ACR000000000000000000113 /* WatchConnectivityController.swift in Sources */,
				ACR000000000000000000119 /* PhoneGPSProvider.swift in Sources */,
				ACR000000000000000000120 /* RecordingActivityAttributes.swift in Sources */,
				ACR000000000000000000121 /* StopRecordingIntent.swift in Sources */,
				ACR000000000000000000122 /* RecordingLiveActivityController.swift in Sources */,
				ACR000000000000000000128 /* MulticamAppIntents.swift in Sources */,
			);
			runOnlyForDeploymentPostprocessing = 0;
		};
		ACR000000000000000000510 /* Sources */ = {
			isa = PBXSourcesBuildPhase;
			buildActionMask = 2147483647;
			files = (
				ACR000000000000000000114 /* MulticamWatchApp.swift in Sources */,
				ACR000000000000000000115 /* WatchSessionModel.swift in Sources */,
				ACR000000000000000000116 /* WatchRemoteView.swift in Sources */,
			);
			runOnlyForDeploymentPostprocessing = 0;
		};
		ACR000000000000000000512 /* Sources */ = {
			isa = PBXSourcesBuildPhase;
			buildActionMask = 2147483647;
			files = (
				ACR000000000000000000123 /* MulticamLiveActivityBundle.swift in Sources */,
				ACR000000000000000000124 /* RecordingLiveActivityWidget.swift in Sources */,
				ACR000000000000000000125 /* RecordingActivityAttributes.swift in Sources */,
				ACR000000000000000000126 /* StopRecordingIntent.swift in Sources */,
			);
			runOnlyForDeploymentPostprocessing = 0;
		};
/* End PBXSourcesBuildPhase section */

/* Begin PBXTargetDependency section */
		ACR000000000000000000611 /* PBXTargetDependency */ = {
			isa = PBXTargetDependency;
			target = ACR000000000000000000410 /* Multicam Watch App */;
			targetProxy = ACR000000000000000000610 /* PBXContainerItemProxy */;
		};
		ACR000000000000000000613 /* PBXTargetDependency */ = {
			isa = PBXTargetDependency;
			target = ACR000000000000000000420 /* MulticamLiveActivityExtension */;
			targetProxy = ACR000000000000000000612 /* PBXContainerItemProxy */;
		};
/* End PBXTargetDependency section */

/* Begin XCBuildConfiguration section */
		ACR000000000000000000700 /* Debug */ = {
			isa = XCBuildConfiguration;
			buildSettings = {
				ALWAYS_SEARCH_USER_PATHS = NO;
				CLANG_ANALYZER_NONNULL = YES;
				CLANG_ANALYZER_NUMBER_OBJECT_CONVERSION = YES_AGGRESSIVE;
				CLANG_CXX_LANGUAGE_STANDARD = "gnu++20";
				CLANG_ENABLE_MODULES = YES;
				CLANG_ENABLE_OBJC_ARC = YES;
				CLANG_ENABLE_OBJC_WEAK = YES;
				CLANG_WARN_BLOCK_CAPTURE_AUTORELEASING = YES;
				CLANG_WARN_BOOL_CONVERSION = YES;
				CLANG_WARN_COMMA = YES;
				CLANG_WARN_CONSTANT_CONVERSION = YES;
				CLANG_WARN_DEPRECATED_OBJC_IMPLEMENTATIONS = YES;
				CLANG_WARN_DIRECT_OBJC_ISA_USAGE = YES_ERROR;
				CLANG_WARN_DOCUMENTATION_COMMENTS = YES;
				CLANG_WARN_EMPTY_BODY = YES;
				CLANG_WARN_ENUM_CONVERSION = YES;
				CLANG_WARN_INFINITE_RECURSION = YES;
				CLANG_WARN_INT_CONVERSION = YES;
				CLANG_WARN_NON_LITERAL_NULL_CONVERSION = YES;
				CLANG_WARN_OBJC_IMPLICIT_RETAIN_SELF = YES;
				CLANG_WARN_OBJC_LITERAL_CONVERSION = YES;
				CLANG_WARN_OBJC_ROOT_CLASS = YES_ERROR;
				CLANG_WARN_QUOTED_INCLUDE_IN_FRAMEWORK_HEADER = YES;
				CLANG_WARN_RANGE_LOOP_ANALYSIS = YES;
				CLANG_WARN_STRICT_PROTOTYPES = YES;
				CLANG_WARN_SUSPICIOUS_MOVE = YES;
				CLANG_WARN_UNGUARDED_AVAILABILITY = YES_AGGRESSIVE;
				CLANG_WARN_UNREACHABLE_CODE = YES;
				CLANG_WARN__DUPLICATE_METHOD_MATCH = YES;
				COPY_PHASE_STRIP = NO;
				DEBUG_INFORMATION_FORMAT = dwarf;
				ENABLE_STRICT_OBJC_MSGSEND = YES;
				ENABLE_TESTABILITY = YES;
				ENABLE_USER_SCRIPT_SANDBOXING = YES;
				GCC_C_LANGUAGE_STANDARD = gnu17;
				GCC_DYNAMIC_NO_PIC = NO;
				GCC_NO_COMMON_BLOCKS = YES;
				GCC_OPTIMIZATION_LEVEL = 0;
				GCC_PREPROCESSOR_DEFINITIONS = (
					"DEBUG=1",
					"$(inherited)",
				);
				GCC_WARN_64_TO_32_BIT_CONVERSION = YES;
				GCC_WARN_ABOUT_RETURN_TYPE = YES_ERROR;
				GCC_WARN_UNDECLARED_SELECTOR = YES;
				GCC_WARN_UNINITIALIZED_AUTOS = YES_AGGRESSIVE;
				GCC_WARN_UNUSED_FUNCTION = YES;
				GCC_WARN_UNUSED_VARIABLE = YES;
				IPHONEOS_DEPLOYMENT_TARGET = 17.0;
				MTL_ENABLE_DEBUG_INFO = INCLUDE_SOURCE;
				MTL_FAST_MATH = YES;
				ONLY_ACTIVE_ARCH = YES;
				SDKROOT = iphoneos;
				SWIFT_ACTIVE_COMPILATION_CONDITIONS = "DEBUG $(inherited)";
				SWIFT_OPTIMIZATION_LEVEL = "-Onone";
			};
			name = Debug;
		};
		ACR000000000000000000701 /* Release */ = {
			isa = XCBuildConfiguration;
			buildSettings = {
				ALWAYS_SEARCH_USER_PATHS = NO;
				CLANG_ANALYZER_NONNULL = YES;
				CLANG_ANALYZER_NUMBER_OBJECT_CONVERSION = YES_AGGRESSIVE;
				CLANG_CXX_LANGUAGE_STANDARD = "gnu++20";
				CLANG_ENABLE_MODULES = YES;
				CLANG_ENABLE_OBJC_ARC = YES;
				CLANG_ENABLE_OBJC_WEAK = YES;
				CLANG_WARN_BLOCK_CAPTURE_AUTORELEASING = YES;
				CLANG_WARN_BOOL_CONVERSION = YES;
				CLANG_WARN_COMMA = YES;
				CLANG_WARN_CONSTANT_CONVERSION = YES;
				CLANG_WARN_DEPRECATED_OBJC_IMPLEMENTATIONS = YES;
				CLANG_WARN_DIRECT_OBJC_ISA_USAGE = YES_ERROR;
				CLANG_WARN_DOCUMENTATION_COMMENTS = YES;
				CLANG_WARN_EMPTY_BODY = YES;
				CLANG_WARN_ENUM_CONVERSION = YES;
				CLANG_WARN_INFINITE_RECURSION = YES;
				CLANG_WARN_INT_CONVERSION = YES;
				CLANG_WARN_NON_LITERAL_NULL_CONVERSION = YES;
				CLANG_WARN_OBJC_IMPLICIT_RETAIN_SELF = YES;
				CLANG_WARN_OBJC_LITERAL_CONVERSION = YES;
				CLANG_WARN_OBJC_ROOT_CLASS = YES_ERROR;
				CLANG_WARN_QUOTED_INCLUDE_IN_FRAMEWORK_HEADER = YES;
				CLANG_WARN_RANGE_LOOP_ANALYSIS = YES;
				CLANG_WARN_STRICT_PROTOTYPES = YES;
				CLANG_WARN_SUSPICIOUS_MOVE = YES;
				CLANG_WARN_UNGUARDED_AVAILABILITY = YES_AGGRESSIVE;
				CLANG_WARN_UNREACHABLE_CODE = YES;
				CLANG_WARN__DUPLICATE_METHOD_MATCH = YES;
				COPY_PHASE_STRIP = NO;
				DEBUG_INFORMATION_FORMAT = "dwarf-with-dsym";
				ENABLE_NS_ASSERTIONS = NO;
				ENABLE_STRICT_OBJC_MSGSEND = YES;
				ENABLE_USER_SCRIPT_SANDBOXING = YES;
				GCC_C_LANGUAGE_STANDARD = gnu17;
				GCC_NO_COMMON_BLOCKS = YES;
				GCC_WARN_64_TO_32_BIT_CONVERSION = YES;
				GCC_WARN_ABOUT_RETURN_TYPE = YES_ERROR;
				GCC_WARN_UNDECLARED_SELECTOR = YES;
				GCC_WARN_UNINITIALIZED_AUTOS = YES_AGGRESSIVE;
				GCC_WARN_UNUSED_FUNCTION = YES;
				GCC_WARN_UNUSED_VARIABLE = YES;
				IPHONEOS_DEPLOYMENT_TARGET = 17.0;
				MTL_ENABLE_DEBUG_INFO = NO;
				MTL_FAST_MATH = YES;
				SDKROOT = iphoneos;
				SWIFT_COMPILATION_MODE = wholemodule;
				VALIDATE_PRODUCT = YES;
			};
			name = Release;
		};
		ACR000000000000000000702 /* Debug */ = {
			isa = XCBuildConfiguration;
			buildSettings = {
				ASSETCATALOG_COMPILER_APPICON_NAME = AppIcon;
				ASSETCATALOG_COMPILER_GLOBAL_ACCENT_COLOR_NAME = AccentColor;
				CODE_SIGN_STYLE = Automatic;
				CURRENT_PROJECT_VERSION = 40;
				DEVELOPMENT_ASSET_PATHS = "";
				DEVELOPMENT_TEAM = 2WX2Z9452K;
				GENERATE_INFOPLIST_FILE = NO;
				INFOPLIST_FILE = ActionCamRemote/Info.plist;
				INFOPLIST_KEY_CFBundleDisplayName = Multicam;
				INFOPLIST_KEY_LSApplicationCategoryType = "public.app-category.video";
				LD_RUNPATH_SEARCH_PATHS = (
					"$(inherited)",
					"@executable_path/Frameworks",
				);
				MARKETING_VERSION = 1.0.7;
				PRODUCT_BUNDLE_IDENTIFIER = com.ds.ActionCamRemote;
				PRODUCT_NAME = Multicam;
				SUPPORTED_PLATFORMS = "iphoneos iphonesimulator";
				SUPPORTS_MACCATALYST = NO;
				SUPPORTS_MAC_DESIGNED_FOR_IPHONE_IPAD = NO;
				SUPPORTS_XR_DESIGNED_FOR_IPHONE_IPAD = NO;
				SWIFT_ACTIVE_COMPILATION_CONDITIONS = "APP_MAIN_TARGET $(inherited)";
				SWIFT_EMIT_LOC_STRINGS = YES;
				SWIFT_VERSION = 5.0;
				TARGETED_DEVICE_FAMILY = "1,2";
			};
			name = Debug;
		};
		ACR000000000000000000703 /* Release */ = {
			isa = XCBuildConfiguration;
			buildSettings = {
				ASSETCATALOG_COMPILER_APPICON_NAME = AppIcon;
				ASSETCATALOG_COMPILER_GLOBAL_ACCENT_COLOR_NAME = AccentColor;
				CODE_SIGN_STYLE = Automatic;
				CURRENT_PROJECT_VERSION = 40;
				DEVELOPMENT_ASSET_PATHS = "";
				DEVELOPMENT_TEAM = 2WX2Z9452K;
				GENERATE_INFOPLIST_FILE = NO;
				INFOPLIST_FILE = ActionCamRemote/Info.plist;
				INFOPLIST_KEY_CFBundleDisplayName = Multicam;
				INFOPLIST_KEY_LSApplicationCategoryType = "public.app-category.video";
				LD_RUNPATH_SEARCH_PATHS = (
					"$(inherited)",
					"@executable_path/Frameworks",
				);
				MARKETING_VERSION = 1.0.7;
				PRODUCT_BUNDLE_IDENTIFIER = com.ds.ActionCamRemote;
				PRODUCT_NAME = Multicam;
				SUPPORTED_PLATFORMS = "iphoneos iphonesimulator";
				SUPPORTS_MACCATALYST = NO;
				SUPPORTS_MAC_DESIGNED_FOR_IPHONE_IPAD = NO;
				SUPPORTS_XR_DESIGNED_FOR_IPHONE_IPAD = NO;
				SWIFT_ACTIVE_COMPILATION_CONDITIONS = "APP_MAIN_TARGET $(inherited)";
				SWIFT_EMIT_LOC_STRINGS = YES;
				SWIFT_VERSION = 5.0;
				TARGETED_DEVICE_FAMILY = "1,2";
			};
			name = Release;
		};
		ACR000000000000000000712 /* Debug */ = {
			isa = XCBuildConfiguration;
			buildSettings = {
				ASSETCATALOG_COMPILER_APPICON_NAME = AppIcon;
				ASSETCATALOG_COMPILER_GLOBAL_ACCENT_COLOR_NAME = AccentColor;
				CODE_SIGN_STYLE = Automatic;
				CURRENT_PROJECT_VERSION = 40;
				DEVELOPMENT_TEAM = 2WX2Z9452K;
				GENERATE_INFOPLIST_FILE = YES;
				INFOPLIST_KEY_CFBundleDisplayName = Multicam;
				INFOPLIST_KEY_WKApplication = YES;
				INFOPLIST_KEY_WKCompanionAppBundleIdentifier = com.ds.ActionCamRemote;
				LD_RUNPATH_SEARCH_PATHS = (
					"$(inherited)",
					"@executable_path/Frameworks",
				);
				MARKETING_VERSION = 1.0.7;
				PRODUCT_BUNDLE_IDENTIFIER = com.ds.ActionCamRemote.watchkitapp;
				PRODUCT_NAME = "$(TARGET_NAME)";
				SDKROOT = watchos;
				SKIP_INSTALL = YES;
				SUPPORTED_PLATFORMS = "watchos watchsimulator";
				SWIFT_EMIT_LOC_STRINGS = YES;
				SWIFT_VERSION = 5.0;
				TARGETED_DEVICE_FAMILY = 4;
				WATCHOS_DEPLOYMENT_TARGET = 10.0;
			};
			name = Debug;
		};
		ACR000000000000000000713 /* Release */ = {
			isa = XCBuildConfiguration;
			buildSettings = {
				ASSETCATALOG_COMPILER_APPICON_NAME = AppIcon;
				ASSETCATALOG_COMPILER_GLOBAL_ACCENT_COLOR_NAME = AccentColor;
				CODE_SIGN_STYLE = Automatic;
				CURRENT_PROJECT_VERSION = 40;
				DEVELOPMENT_TEAM = 2WX2Z9452K;
				GENERATE_INFOPLIST_FILE = YES;
				INFOPLIST_KEY_CFBundleDisplayName = Multicam;
				INFOPLIST_KEY_WKApplication = YES;
				INFOPLIST_KEY_WKCompanionAppBundleIdentifier = com.ds.ActionCamRemote;
				LD_RUNPATH_SEARCH_PATHS = (
					"$(inherited)",
					"@executable_path/Frameworks",
				);
				MARKETING_VERSION = 1.0.7;
				PRODUCT_BUNDLE_IDENTIFIER = com.ds.ActionCamRemote.watchkitapp;
				PRODUCT_NAME = "$(TARGET_NAME)";
				SDKROOT = watchos;
				SKIP_INSTALL = YES;
				SUPPORTED_PLATFORMS = "watchos watchsimulator";
				SWIFT_COMPILATION_MODE = wholemodule;
				SWIFT_EMIT_LOC_STRINGS = YES;
				SWIFT_VERSION = 5.0;
				TARGETED_DEVICE_FAMILY = 4;
				VALIDATE_PRODUCT = YES;
				WATCHOS_DEPLOYMENT_TARGET = 10.0;
			};
			name = Release;
		};
		ACR000000000000000000714 /* Debug */ = {
			isa = XCBuildConfiguration;
			buildSettings = {
				APPLICATION_EXTENSION_API_ONLY = YES;
				CODE_SIGN_STYLE = Automatic;
				CURRENT_PROJECT_VERSION = 40;
				DEVELOPMENT_TEAM = 2WX2Z9452K;
				GENERATE_INFOPLIST_FILE = NO;
				INFOPLIST_FILE = MulticamLiveActivity/Info.plist;
				IPHONEOS_DEPLOYMENT_TARGET = 17.0;
				LD_RUNPATH_SEARCH_PATHS = (
					"$(inherited)",
					"@executable_path/Frameworks",
					"@executable_path/../../Frameworks",
				);
				MARKETING_VERSION = 1.0.7;
				PRODUCT_BUNDLE_IDENTIFIER = com.ds.ActionCamRemote.LiveActivity;
				PRODUCT_NAME = "$(TARGET_NAME)";
				SDKROOT = iphoneos;
				SKIP_INSTALL = YES;
				SUPPORTED_PLATFORMS = "iphoneos iphonesimulator";
				SWIFT_EMIT_LOC_STRINGS = YES;
				SWIFT_VERSION = 5.0;
				TARGETED_DEVICE_FAMILY = "1,2";
			};
			name = Debug;
		};
		ACR000000000000000000715 /* Release */ = {
			isa = XCBuildConfiguration;
			buildSettings = {
				APPLICATION_EXTENSION_API_ONLY = YES;
				CODE_SIGN_STYLE = Automatic;
				CURRENT_PROJECT_VERSION = 40;
				DEVELOPMENT_TEAM = 2WX2Z9452K;
				GENERATE_INFOPLIST_FILE = NO;
				INFOPLIST_FILE = MulticamLiveActivity/Info.plist;
				IPHONEOS_DEPLOYMENT_TARGET = 17.0;
				LD_RUNPATH_SEARCH_PATHS = (
					"$(inherited)",
					"@executable_path/Frameworks",
					"@executable_path/../../Frameworks",
				);
				MARKETING_VERSION = 1.0.7;
				PRODUCT_BUNDLE_IDENTIFIER = com.ds.ActionCamRemote.LiveActivity;
				PRODUCT_NAME = "$(TARGET_NAME)";
				SDKROOT = iphoneos;
				SKIP_INSTALL = YES;
				SUPPORTED_PLATFORMS = "iphoneos iphonesimulator";
				SWIFT_COMPILATION_MODE = wholemodule;
				SWIFT_EMIT_LOC_STRINGS = YES;
				SWIFT_VERSION = 5.0;
				TARGETED_DEVICE_FAMILY = "1,2";
				VALIDATE_PRODUCT = YES;
			};
			name = Release;
		};
/* End XCBuildConfiguration section */

/* Begin XCConfigurationList section */
		ACR000000000000000000401 /* Build configuration list for PBXNativeTarget "ActionCamRemote" */ = {
			isa = XCConfigurationList;
			buildConfigurations = (
				ACR000000000000000000702 /* Debug */,
				ACR000000000000000000703 /* Release */,
			);
			defaultConfigurationIsVisible = 0;
			defaultConfigurationName = Release;
		};
		ACR000000000000000000411 /* Build configuration list for PBXNativeTarget "Multicam Watch App" */ = {
			isa = XCConfigurationList;
			buildConfigurations = (
				ACR000000000000000000712 /* Debug */,
				ACR000000000000000000713 /* Release */,
			);
			defaultConfigurationIsVisible = 0;
			defaultConfigurationName = Release;
		};
		ACR000000000000000000421 /* Build configuration list for PBXNativeTarget "MulticamLiveActivityExtension" */ = {
			isa = XCConfigurationList;
			buildConfigurations = (
				ACR000000000000000000714 /* Debug */,
				ACR000000000000000000715 /* Release */,
			);
			defaultConfigurationIsVisible = 0;
			defaultConfigurationName = Release;
		};
		ACR000000000000000000601 /* Build configuration list for PBXProject "ActionCamRemote" */ = {
			isa = XCConfigurationList;
			buildConfigurations = (
				ACR000000000000000000700 /* Debug */,
				ACR000000000000000000701 /* Release */,
			);
			defaultConfigurationIsVisible = 0;
			defaultConfigurationName = Release;
		};
/* End XCConfigurationList section */
	};
	rootObject = ACR000000000000000000600 /* Project object */;
}
